// !$*UTF8*$!
{
	archiveVersion = 1;
	classes = {
	};
	objectVersion = 55;
	objects = {

/* Begin PBXBuildFile section */
		CF32981A28B5A88300021B83 /* FireDataView.swift in Sources */ = {isa = PBXBuildFile; fileRef = CF32981928B5A88300021B83 /* FireDataView.swift */; };
		CF888FDC278019B9003CA93B /* Tests_iOS.swift in Sources */ = {isa = PBXBuildFile; fileRef = CF888FDB278019B9003CA93B /* Tests_iOS.swift */; };
		CF888FDE278019B9003CA93B /* Tests_iOSLaunchTests.swift in Sources */ = {isa = PBXBuildFile; fileRef = CF888FDD278019B9003CA93B /* Tests_iOSLaunchTests.swift */; };
		CF888FEB278019B9003CA93B /* firedanger_suiApp.swift in Sources */ = {isa = PBXBuildFile; fileRef = CF888FC3278019B9003CA93B /* firedanger_suiApp.swift */; };
		CF888FED278019B9003CA93B /* ContentView.swift in Sources */ = {isa = PBXBuildFile; fileRef = CF888FC4278019B9003CA93B /* ContentView.swift */; };
		CF888FEF278019B9003CA93B /* Assets.xcassets in Resources */ = {isa = PBXBuildFile; fileRef = CF888FC5278019B9003CA93B /* Assets.xcassets */; };
		CF88900427803AB1003CA93B /* regions.json in Resources */ = {isa = PBXBuildFile; fileRef = CF888FFF27803AB1003CA93B /* regions.json */; };
		CF88900627803AB1003CA93B /* FireDangerMap.swift in Sources */ = {isa = PBXBuildFile; fileRef = CF88900027803AB1003CA93B /* FireDangerMap.swift */; };
		CF88900C27803AB1003CA93B /* Properties.swift in Sources */ = {isa = PBXBuildFile; fileRef = CF88900327803AB1003CA93B /* Properties.swift */; };
		CF8B7D062A936F300061C2A1 /* WebView.swift in Sources */ = {isa = PBXBuildFile; fileRef = CF8B7D052A936F300061C2A1 /* WebView.swift */; };
		CF8B7D092A9371EC0061C2A1 /* InformationView.swift in Sources */ = {isa = PBXBuildFile; fileRef = CF8B7D082A9371EC0061C2A1 /* InformationView.swift */; };
		CF8B7D0D2A9377900061C2A1 /* AdStuff.swift in Sources */ = {isa = PBXBuildFile; fileRef = CF8B7D0C2A9377900061C2A1 /* AdStuff.swift */; };
		CF8B7D112A93787D0061C2A1 /* GoogleMobileAds in Frameworks */ = {isa = PBXBuildFile; productRef = CF8B7D102A93787D0061C2A1 /* GoogleMobileAds */; };
		CF8B96FC29668CE600C27E05 /* LocationObserver.swift in Sources */ = {isa = PBXBuildFile; fileRef = CF8B96FB29668CE600C27E05 /* LocationObserver.swift */; };
		CF8B9700296693E000C27E05 /* SwiftyXMLCoding in Frameworks */ = {isa = PBXBuildFile; productRef = CF8B96FF296693E000C27E05 /* SwiftyXMLCoding */; };
		CF8B97042966CD6900C27E05 /* NSWForecastModel.swift in Sources */ = {isa = PBXBuildFile; fileRef = CF88900127803AB1003CA93B /* NSWForecastModel.swift */; };
		CF8B9707296B98E700C27E05 /* UnsupportedLocationView.swift in Sources */ = {isa = PBXBuildFile; fileRef = CF8B9706296B98E700C27E05 /* UnsupportedLocationView.swift */; };
		CF8B970A296BB5A000C27E05 /* FindingLocationView.swift in Sources */ = {isa = PBXBuildFile; fileRef = CF8B9709296BB5A000C27E05 /* FindingLocationView.swift */; };
		CF8B970D296BB5BF00C27E05 /* LocationNotFoundView.swift in Sources */ = {isa = PBXBuildFile; fileRef = CF8B970C296BB5BF00C27E05 /* LocationNotFoundView.swift */; };
		CF8B9710296BB60700C27E05 /* NoDataErrorView.swift in Sources */ = {isa = PBXBuildFile; fileRef = CF8B970F296BB60700C27E05 /* NoDataErrorView.swift */; };
		CFAA5C782AAAFF6D0027189B /* Configuration.swift in Sources */ = {isa = PBXBuildFile; fileRef = CFAA5C772AAAFF6D0027189B /* Configuration.swift */; };
		CFAA5C7B2AAB23D10027189B /* LocationDeniedView.swift in Sources */ = {isa = PBXBuildFile; fileRef = CFAA5C7A2AAB23D10027189B /* LocationDeniedView.swift */; };
		CFAA5C7E2AAB23F80027189B /* RequestLocationView.swift in Sources */ = {isa = PBXBuildFile; fileRef = CFAA5C7D2AAB23F80027189B /* RequestLocationView.swift */; };
		CFBAA5A32ACCE8CB0027924A /* Localizable.xcstrings in Resources */ = {isa = PBXBuildFile; fileRef = CFBAA5A22ACCE8CB0027924A /* Localizable.xcstrings */; };
/* End PBXBuildFile section */

/* Begin PBXContainerItemProxy section */
		CF888FD8278019B9003CA93B /* PBXContainerItemProxy */ = {
			isa = PBXContainerItemProxy;
			containerPortal = CF888FBE278019B8003CA93B /* Project object */;
			proxyType = 1;
			remoteGlobalIDString = CF888FC9278019B9003CA93B;
			remoteInfo = "firedanger-sui (iOS)";
		};
/* End PBXContainerItemProxy section */

/* Begin PBXFileReference section */
		CF32981928B5A88300021B83 /* FireDataView.swift */ = {isa = PBXFileReference; lastKnownFileType = sourcecode.swift; path = FireDataView.swift; sourceTree = "<group>"; };
		CF52EB0B2A9379AA00302478 /* firedanger-sui--iOS--Info.plist */ = {isa = PBXFileReference; lastKnownFileType = text.plist; path = "firedanger-sui--iOS--Info.plist"; sourceTree = "<group>"; };
		CF888FC3278019B9003CA93B /* firedanger_suiApp.swift */ = {isa = PBXFileReference; lastKnownFileType = sourcecode.swift; path = firedanger_suiApp.swift; sourceTree = "<group>"; };
		CF888FC4278019B9003CA93B /* ContentView.swift */ = {isa = PBXFileReference; lastKnownFileType = sourcecode.swift; path = ContentView.swift; sourceTree = "<group>"; };
		CF888FC5278019B9003CA93B /* Assets.xcassets */ = {isa = PBXFileReference; lastKnownFileType = folder.assetcatalog; path = Assets.xcassets; sourceTree = "<group>"; };
		CF888FCA278019B9003CA93B /* Fire Danger.app */ = {isa = PBXFileReference; explicitFileType = wrapper.application; includeInIndex = 0; path = "Fire Danger.app"; sourceTree = BUILT_PRODUCTS_DIR; };
		CF888FD7278019B9003CA93B /* Tests iOS.xctest */ = {isa = PBXFileReference; explicitFileType = wrapper.cfbundle; includeInIndex = 0; path = "Tests iOS.xctest"; sourceTree = BUILT_PRODUCTS_DIR; };
		CF888FDB278019B9003CA93B /* Tests_iOS.swift */ = {isa = PBXFileReference; lastKnownFileType = sourcecode.swift; path = Tests_iOS.swift; sourceTree = "<group>"; };
		CF888FDD278019B9003CA93B /* Tests_iOSLaunchTests.swift */ = {isa = PBXFileReference; lastKnownFileType = sourcecode.swift; path = Tests_iOSLaunchTests.swift; sourceTree = "<group>"; };
		CF888FFF27803AB1003CA93B /* regions.json */ = {isa = PBXFileReference; fileEncoding = 4; lastKnownFileType = text.json; path = regions.json; sourceTree = "<group>"; };
		CF88900027803AB1003CA93B /* FireDangerMap.swift */ = {isa = PBXFileReference; fileEncoding = 4; lastKnownFileType = sourcecode.swift; path = FireDangerMap.swift; sourceTree = "<group>"; };
		CF88900127803AB1003CA93B /* NSWForecastModel.swift */ = {isa = PBXFileReference; fileEncoding = 4; lastKnownFileType = sourcecode.swift; path = NSWForecastModel.swift; sourceTree = "<group>"; };
		CF88900327803AB1003CA93B /* Properties.swift */ = {isa = PBXFileReference; fileEncoding = 4; lastKnownFileType = sourcecode.swift; path = Properties.swift; sourceTree = "<group>"; };
		CF88900F27803B40003CA93B /* nsw_north_coast.gpx */ = {isa = PBXFileReference; fileEncoding = 4; lastKnownFileType = text.xml; name = nsw_north_coast.gpx; path = Shared/nsw_north_coast.gpx; sourceTree = "<group>"; };
		CF8B7D052A936F300061C2A1 /* WebView.swift */ = {isa = PBXFileReference; lastKnownFileType = sourcecode.swift; path = WebView.swift; sourceTree = "<group>"; };
		CF8B7D082A9371EC0061C2A1 /* InformationView.swift */ = {isa = PBXFileReference; lastKnownFileType = sourcecode.swift; path = InformationView.swift; sourceTree = "<group>"; };
		CF8B7D0C2A9377900061C2A1 /* AdStuff.swift */ = {isa = PBXFileReference; lastKnownFileType = sourcecode.swift; path = AdStuff.swift; sourceTree = "<group>"; };
		CF8B96FB29668CE600C27E05 /* LocationObserver.swift */ = {isa = PBXFileReference; lastKnownFileType = sourcecode.swift; path = LocationObserver.swift; sourceTree = "<group>"; };
		CF8B9706296B98E700C27E05 /* UnsupportedLocationView.swift */ = {isa = PBXFileReference; lastKnownFileType = sourcecode.swift; path = UnsupportedLocationView.swift; sourceTree = "<group>"; };
		CF8B9709296BB5A000C27E05 /* FindingLocationView.swift */ = {isa = PBXFileReference; lastKnownFileType = sourcecode.swift; path = FindingLocationView.swift; sourceTree = "<group>"; };
		CF8B970C296BB5BF00C27E05 /* LocationNotFoundView.swift */ = {isa = PBXFileReference; lastKnownFileType = sourcecode.swift; path = LocationNotFoundView.swift; sourceTree = "<group>"; };
		CF8B970F296BB60700C27E05 /* NoDataErrorView.swift */ = {isa = PBXFileReference; lastKnownFileType = sourcecode.swift; path = NoDataErrorView.swift; sourceTree = "<group>"; };
		CFAA5C772AAAFF6D0027189B /* Configuration.swift */ = {isa = PBXFileReference; lastKnownFileType = sourcecode.swift; path = Configuration.swift; sourceTree = "<group>"; };
		CFAA5C7A2AAB23D10027189B /* LocationDeniedView.swift */ = {isa = PBXFileReference; lastKnownFileType = sourcecode.swift; path = LocationDeniedView.swift; sourceTree = "<group>"; };
		CFAA5C7D2AAB23F80027189B /* RequestLocationView.swift */ = {isa = PBXFileReference; lastKnownFileType = sourcecode.swift; path = RequestLocationView.swift; sourceTree = "<group>"; };
		CFBAA5A22ACCE8CB0027924A /* Localizable.xcstrings */ = {isa = PBXFileReference; lastKnownFileType = text.json.xcstrings; path = Localizable.xcstrings; sourceTree = "<group>"; };
/* End PBXFileReference section */

/* Begin PBXFrameworksBuildPhase section */
		CF888FC7278019B9003CA93B /* Frameworks */ = {
			isa = PBXFrameworksBuildPhase;
			buildActionMask = 2147483647;
			files = (
				CF8B7D112A93787D0061C2A1 /* GoogleMobileAds in Frameworks */,
				CF8B9700296693E000C27E05 /* SwiftyXMLCoding in Frameworks */,
			);
			runOnlyForDeploymentPostprocessing = 0;
		};
		CF888FD4278019B9003CA93B /* Frameworks */ = {
			isa = PBXFrameworksBuildPhase;
			buildActionMask = 2147483647;
			files = (
			);
			runOnlyForDeploymentPostprocessing = 0;
		};
/* End PBXFrameworksBuildPhase section */

/* Begin PBXGroup section */
		CF888FBD278019B8003CA93B = {
			isa = PBXGroup;
			children = (
				CF52EB0B2A9379AA00302478 /* firedanger-sui--iOS--Info.plist */,
				CF88900F27803B40003CA93B /* nsw_north_coast.gpx */,
				CF888FC2278019B9003CA93B /* Shared */,
				CF888FDA278019B9003CA93B /* Tests iOS */,
				CF888FCB278019B9003CA93B /* Products */,
				CF8B7D0F2A93787D0061C2A1 /* Frameworks */,
			);
			sourceTree = "<group>";
		};
		CF888FC2278019B9003CA93B /* Shared */ = {
			isa = PBXGroup;
			children = (
				CF8B9713296BC63900C27E05 /* Data */,
				CF8B9712296BC5ED00C27E05 /* Error States */,
				CF888FC3278019B9003CA93B /* firedanger_suiApp.swift */,
				CFAA5C772AAAFF6D0027189B /* Configuration.swift */,
				CF888FC4278019B9003CA93B /* ContentView.swift */,
				CF8B7D052A936F300061C2A1 /* WebView.swift */,
				CF8B7D082A9371EC0061C2A1 /* InformationView.swift */,
				CF8B9709296BB5A000C27E05 /* FindingLocationView.swift */,
				CF32981928B5A88300021B83 /* FireDataView.swift */,
				CF8B7D0C2A9377900061C2A1 /* AdStuff.swift */,
				CFAA5C7D2AAB23F80027189B /* RequestLocationView.swift */,
				CF888FC5278019B9003CA93B /* Assets.xcassets */,
				CFBAA5A22ACCE8CB0027924A /* Localizable.xcstrings */,
			);
			path = Shared;
			sourceTree = "<group>";
		};
		CF888FCB278019B9003CA93B /* Products */ = {
			isa = PBXGroup;
			children = (
				CF888FCA278019B9003CA93B /* Fire Danger.app */,
				CF888FD7278019B9003CA93B /* Tests iOS.xctest */,
			);
			name = Products;
			sourceTree = "<group>";
		};
		CF888FDA278019B9003CA93B /* Tests iOS */ = {
			isa = PBXGroup;
			children = (
				CF888FDB278019B9003CA93B /* Tests_iOS.swift */,
				CF888FDD278019B9003CA93B /* Tests_iOSLaunchTests.swift */,
			);
			path = "Tests iOS";
			sourceTree = "<group>";
		};
		CF8B7D0F2A93787D0061C2A1 /* Frameworks */ = {
			isa = PBXGroup;
			children = (
			);
			name = Frameworks;
			sourceTree = "<group>";
		};
		CF8B9712296BC5ED00C27E05 /* Error States */ = {
			isa = PBXGroup;
			children = (
				CF8B9706296B98E700C27E05 /* UnsupportedLocationView.swift */,
				CF8B970F296BB60700C27E05 /* NoDataErrorView.swift */,
				CF8B970C296BB5BF00C27E05 /* LocationNotFoundView.swift */,
				CFAA5C7A2AAB23D10027189B /* LocationDeniedView.swift */,
			);
			path = "Error States";
			sourceTree = "<group>";
		};
		CF8B9713296BC63900C27E05 /* Data */ = {
			isa = PBXGroup;
			children = (
				CF88900127803AB1003CA93B /* NSWForecastModel.swift */,
				CF8B96FB29668CE600C27E05 /* LocationObserver.swift */,
				CF88900027803AB1003CA93B /* FireDangerMap.swift */,
				CF88900327803AB1003CA93B /* Properties.swift */,
				CF888FFF27803AB1003CA93B /* regions.json */,
			);
			path = Data;
			sourceTree = "<group>";
		};
/* End PBXGroup section */

/* Begin PBXNativeTarget section */
		CF888FC9278019B9003CA93B /* firedanger-sui (iOS) */ = {
			isa = PBXNativeTarget;
			buildConfigurationList = CF888FF3278019B9003CA93B /* Build configuration list for PBXNativeTarget "firedanger-sui (iOS)" */;
			buildPhases = (
				CF888FC6278019B9003CA93B /* Sources */,
				CF888FC7278019B9003CA93B /* Frameworks */,
				CF888FC8278019B9003CA93B /* Resources */,
			);
			buildRules = (
			);
			dependencies = (
			);
			name = "firedanger-sui (iOS)";
			packageProductDependencies = (
				CF8B96FF296693E000C27E05 /* SwiftyXMLCoding */,
				CF8B7D102A93787D0061C2A1 /* GoogleMobileAds */,
			);
			productName = "firedanger-sui (iOS)";
			productReference = CF888FCA278019B9003CA93B /* Fire Danger.app */;
			productType = "com.apple.product-type.application";
		};
		CF888FD6278019B9003CA93B /* Tests iOS */ = {
			isa = PBXNativeTarget;
			buildConfigurationList = CF888FF9278019B9003CA93B /* Build configuration list for PBXNativeTarget "Tests iOS" */;
			buildPhases = (
				CF888FD3278019B9003CA93B /* Sources */,
				CF888FD4278019B9003CA93B /* Frameworks */,
				CF888FD5278019B9003CA93B /* Resources */,
			);
			buildRules = (
			);
			dependencies = (
				CF888FD9278019B9003CA93B /* PBXTargetDependency */,
			);
			name = "Tests iOS";
			productName = "Tests iOS";
			productReference = CF888FD7278019B9003CA93B /* Tests iOS.xctest */;
			productType = "com.apple.product-type.bundle.ui-testing";
		};
/* End PBXNativeTarget section */

/* Begin PBXProject section */
		CF888FBE278019B8003CA93B /* Project object */ = {
			isa = PBXProject;
			attributes = {
				BuildIndependentTargetsInParallel = 1;
				LastSwiftUpdateCheck = 1320;
				LastUpgradeCheck = 1420;
				TargetAttributes = {
					CF888FC9278019B9003CA93B = {
						CreatedOnToolsVersion = 13.2.1;
					};
					CF888FD6278019B9003CA93B = {
						CreatedOnToolsVersion = 13.2.1;
						TestTargetID = CF888FC9278019B9003CA93B;
					};
				};
			};
			buildConfigurationList = CF888FC1278019B8003CA93B /* Build configuration list for PBXProject "firedanger-sui" */;
			compatibilityVersion = "Xcode 13.0";
			developmentRegion = en;
			hasScannedForEncodings = 0;
			knownRegions = (
				en,
				Base,
				"en-GB",
			);
			mainGroup = CF888FBD278019B8003CA93B;
			packageReferences = (
				CF8B96FE296693E000C27E05 /* XCRemoteSwiftPackageReference "SwiftyXMLKit" */,
				CF8B7D0B2A9377850061C2A1 /* XCRemoteSwiftPackageReference "swift-package-manager-google-mobile-ads" */,
			);
			productRefGroup = CF888FCB278019B9003CA93B /* Products */;
			projectDirPath = "";
			projectRoot = "";
			targets = (
				CF888FC9278019B9003CA93B /* firedanger-sui (iOS) */,
				CF888FD6278019B9003CA93B /* Tests iOS */,
			);
		};
/* End PBXProject section */

/* Begin PBXResourcesBuildPhase section */
		CF888FC8278019B9003CA93B /* Resources */ = {
			isa = PBXResourcesBuildPhase;
			buildActionMask = 2147483647;
			files = (
				CF888FEF278019B9003CA93B /* Assets.xcassets in Resources */,
				CF88900427803AB1003CA93B /* regions.json in Resources */,
				CFBAA5A32ACCE8CB0027924A /* Localizable.xcstrings in Resources */,
			);
			runOnlyForDeploymentPostprocessing = 0;
		};
		CF888FD5278019B9003CA93B /* Resources */ = {
			isa = PBXResourcesBuildPhase;
			buildActionMask = 2147483647;
			files = (
			);
			runOnlyForDeploymentPostprocessing = 0;
		};
/* End PBXResourcesBuildPhase section */

/* Begin PBXSourcesBuildPhase section */
		CF888FC6278019B9003CA93B /* Sources */ = {
			isa = PBXSourcesBuildPhase;
			buildActionMask = 2147483647;
			files = (
				CFAA5C7B2AAB23D10027189B /* LocationDeniedView.swift in Sources */,
				CF8B970D296BB5BF00C27E05 /* LocationNotFoundView.swift in Sources */,
				CF8B7D0D2A9377900061C2A1 /* AdStuff.swift in Sources */,
				CF32981A28B5A88300021B83 /* FireDataView.swift in Sources */,
				CF8B97042966CD6900C27E05 /* NSWForecastModel.swift in Sources */,
				CF88900C27803AB1003CA93B /* Properties.swift in Sources */,
				CF8B9710296BB60700C27E05 /* NoDataErrorView.swift in Sources */,
				CFAA5C782AAAFF6D0027189B /* Configuration.swift in Sources */,
				CF8B970A296BB5A000C27E05 /* FindingLocationView.swift in Sources */,
				CF8B96FC29668CE600C27E05 /* LocationObserver.swift in Sources */,
				CF888FED278019B9003CA93B /* ContentView.swift in Sources */,
				CF8B9707296B98E700C27E05 /* UnsupportedLocationView.swift in Sources */,
				CF8B7D062A936F300061C2A1 /* WebView.swift in Sources */,
				CF8B7D092A9371EC0061C2A1 /* InformationView.swift in Sources */,
				CF88900627803AB1003CA93B /* FireDangerMap.swift in Sources */,
				CF888FEB278019B9003CA93B /* firedanger_suiApp.swift in Sources */,
				CFAA5C7E2AAB23F80027189B /* RequestLocationView.swift in Sources */,
			);
			runOnlyForDeploymentPostprocessing = 0;
		};
		CF888FD3278019B9003CA93B /* Sources */ = {
			isa = PBXSourcesBuildPhase;
			buildActionMask = 2147483647;
			files = (
				CF888FDE278019B9003CA93B /* Tests_iOSLaunchTests.swift in Sources */,
				CF888FDC278019B9003CA93B /* Tests_iOS.swift in Sources */,
			);
			runOnlyForDeploymentPostprocessing = 0;
		};
/* End PBXSourcesBuildPhase section */

/* Begin PBXTargetDependency section */
		CF888FD9278019B9003CA93B /* PBXTargetDependency */ = {
			isa = PBXTargetDependency;
			target = CF888FC9278019B9003CA93B /* firedanger-sui (iOS) */;
			targetProxy = CF888FD8278019B9003CA93B /* PBXContainerItemProxy */;
		};
/* End PBXTargetDependency section */

/* Begin XCBuildConfiguration section */
		CF888FF1278019B9003CA93B /* Debug */ = {
			isa = XCBuildConfiguration;
			buildSettings = {
				ALWAYS_SEARCH_USER_PATHS = NO;
				CLANG_ANALYZER_NONNULL = YES;
				CLANG_ANALYZER_NUMBER_OBJECT_CONVERSION = YES_AGGRESSIVE;
				CLANG_CXX_LANGUAGE_STANDARD = "gnu++17";
				CLANG_CXX_LIBRARY = "libc++";
				CLANG_ENABLE_MODULES = YES;
				CLANG_ENABLE_OBJC_ARC = YES;
				CLANG_ENABLE_OBJC_WEAK = YES;
				CLANG_WARN_BLOCK_CAPTURE_AUTORELEASING = YES;
				CLANG_WARN_BOOL_CONVERSION = YES;
				CLANG_WARN_COMMA = YES;
				CLANG_WARN_CONSTANT_CONVERSION = YES;
				CLANG_WARN_DEPRECATED_OBJC_IMPLEMENTATIONS = YES;
				CLANG_WARN_DIRECT_OBJC_ISA_USAGE = YES_ERROR;
				CLANG_WARN_DOCUMENTATION_COMMENTS = YES;
				CLANG_WARN_EMPTY_BODY = YES;
				CLANG_WARN_ENUM_CONVERSION = YES;
				CLANG_WARN_INFINITE_RECURSION = YES;
				CLANG_WARN_INT_CONVERSION = YES;
				CLANG_WARN_NON_LITERAL_NULL_CONVERSION = YES;
				CLANG_WARN_OBJC_IMPLICIT_RETAIN_SELF = YES;
				CLANG_WARN_OBJC_LITERAL_CONVERSION = YES;
				CLANG_WARN_OBJC_ROOT_CLASS = YES_ERROR;
				CLANG_WARN_QUOTED_INCLUDE_IN_FRAMEWORK_HEADER = YES;
				CLANG_WARN_RANGE_LOOP_ANALYSIS = YES;
				CLANG_WARN_STRICT_PROTOTYPES = YES;
				CLANG_WARN_SUSPICIOUS_MOVE = YES;
				CLANG_WARN_UNGUARDED_AVAILABILITY = YES_AGGRESSIVE;
				CLANG_WARN_UNREACHABLE_CODE = YES;
				CLANG_WARN__DUPLICATE_METHOD_MATCH = YES;
				COPY_PHASE_STRIP = NO;
				DEAD_CODE_STRIPPING = YES;
				DEBUG_INFORMATION_FORMAT = dwarf;
				ENABLE_STRICT_OBJC_MSGSEND = YES;
				ENABLE_TESTABILITY = YES;
				GCC_C_LANGUAGE_STANDARD = gnu11;
				GCC_DYNAMIC_NO_PIC = NO;
				GCC_NO_COMMON_BLOCKS = YES;
				GCC_OPTIMIZATION_LEVEL = 0;
				GCC_PREPROCESSOR_DEFINITIONS = (
					"DEBUG=1",
					"$(inherited)",
				);
				GCC_WARN_64_TO_32_BIT_CONVERSION = YES;
				GCC_WARN_ABOUT_RETURN_TYPE = YES_ERROR;
				GCC_WARN_UNDECLARED_SELECTOR = YES;
				GCC_WARN_UNINITIALIZED_AUTOS = YES_AGGRESSIVE;
				GCC_WARN_UNUSED_FUNCTION = YES;
				GCC_WARN_UNUSED_VARIABLE = YES;
				MTL_ENABLE_DEBUG_INFO = INCLUDE_SOURCE;
				MTL_FAST_MATH = YES;
				ONLY_ACTIVE_ARCH = YES;
				SWIFT_ACTIVE_COMPILATION_CONDITIONS = DEBUG;
				SWIFT_OPTIMIZATION_LEVEL = "-Onone";
			};
			name = Debug;
		};
		CF888FF2278019B9003CA93B /* Release */ = {
			isa = XCBuildConfiguration;
			buildSettings = {
				ALWAYS_SEARCH_USER_PATHS = NO;
				CLANG_ANALYZER_NONNULL = YES;
				CLANG_ANALYZER_NUMBER_OBJECT_CONVERSION = YES_AGGRESSIVE;
				CLANG_CXX_LANGUAGE_STANDARD = "gnu++17";
				CLANG_CXX_LIBRARY = "libc++";
				CLANG_ENABLE_MODULES = YES;
				CLANG_ENABLE_OBJC_ARC = YES;
				CLANG_ENABLE_OBJC_WEAK = YES;
				CLANG_WARN_BLOCK_CAPTURE_AUTORELEASING = YES;
				CLANG_WARN_BOOL_CONVERSION = YES;
				CLANG_WARN_COMMA = YES;
				CLANG_WARN_CONSTANT_CONVERSION = YES;
				CLANG_WARN_DEPRECATED_OBJC_IMPLEMENTATIONS = YES;
				CLANG_WARN_DIRECT_OBJC_ISA_USAGE = YES_ERROR;
				CLANG_WARN_DOCUMENTATION_COMMENTS = YES;
				CLANG_WARN_EMPTY_BODY = YES;
				CLANG_WARN_ENUM_CONVERSION = YES;
				CLANG_WARN_INFINITE_RECURSION = YES;
				CLANG_WARN_INT_CONVERSION = YES;
				CLANG_WARN_NON_LITERAL_NULL_CONVERSION = YES;
				CLANG_WARN_OBJC_IMPLICIT_RETAIN_SELF = YES;
				CLANG_WARN_OBJC_LITERAL_CONVERSION = YES;
				CLANG_WARN_OBJC_ROOT_CLASS = YES_ERROR;
				CLANG_WARN_QUOTED_INCLUDE_IN_FRAMEWORK_HEADER = YES;
				CLANG_WARN_RANGE_LOOP_ANALYSIS = YES;
				CLANG_WARN_STRICT_PROTOTYPES = YES;
				CLANG_WARN_SUSPICIOUS_MOVE = YES;
				CLANG_WARN_UNGUARDED_AVAILABILITY = YES_AGGRESSIVE;
				CLANG_WARN_UNREACHABLE_CODE = YES;
				CLANG_WARN__DUPLICATE_METHOD_MATCH = YES;
				COPY_PHASE_STRIP = NO;
				DEAD_CODE_STRIPPING = YES;
				DEBUG_INFORMATION_FORMAT = "dwarf-with-dsym";
				ENABLE_NS_ASSERTIONS = NO;
				ENABLE_STRICT_OBJC_MSGSEND = YES;
				GCC_C_LANGUAGE_STANDARD = gnu11;
				GCC_NO_COMMON_BLOCKS = YES;
				GCC_WARN_64_TO_32_BIT_CONVERSION = YES;
				GCC_WARN_ABOUT_RETURN_TYPE = YES_ERROR;
				GCC_WARN_UNDECLARED_SELECTOR = YES;
				GCC_WARN_UNINITIALIZED_AUTOS = YES_AGGRESSIVE;
				GCC_WARN_UNUSED_FUNCTION = YES;
				GCC_WARN_UNUSED_VARIABLE = YES;
				MTL_ENABLE_DEBUG_INFO = NO;
				MTL_FAST_MATH = YES;
				SWIFT_COMPILATION_MODE = wholemodule;
				SWIFT_OPTIMIZATION_LEVEL = "-O";
			};
			name = Release;
		};
		CF888FF4278019B9003CA93B /* Debug */ = {
			isa = XCBuildConfiguration;
			buildSettings = {
				ASSETCATALOG_COMPILER_APPICON_NAME = AppIcon;
				ASSETCATALOG_COMPILER_GLOBAL_ACCENT_COLOR_NAME = AccentColor;
				CODE_SIGN_STYLE = Automatic;
				CURRENT_PROJECT_VERSION = 1;
				DEVELOPMENT_TEAM = PDT9S226TJ;
				ENABLE_PREVIEWS = YES;
				GENERATE_INFOPLIST_FILE = YES;
				INFOPLIST_FILE = "firedanger-sui--iOS--Info.plist";
				INFOPLIST_KEY_NSLocationWhenInUseUsageDescription = "We need your location to show you the fire danger where you are";
				INFOPLIST_KEY_UIApplicationSceneManifest_Generation = YES;
				INFOPLIST_KEY_UIApplicationSupportsIndirectInputEvents = YES;
				INFOPLIST_KEY_UILaunchScreen_Generation = YES;
				INFOPLIST_KEY_UISupportedInterfaceOrientations_iPad = "UIInterfaceOrientationPortrait UIInterfaceOrientationPortraitUpsideDown UIInterfaceOrientationLandscapeLeft UIInterfaceOrientationLandscapeRight";
				INFOPLIST_KEY_UISupportedInterfaceOrientations_iPhone = "UIInterfaceOrientationPortrait UIInterfaceOrientationLandscapeLeft UIInterfaceOrientationLandscapeRight";
				IPHONEOS_DEPLOYMENT_TARGET = 15.6;
				LD_RUNPATH_SEARCH_PATHS = (
					"$(inherited)",
					"@executable_path/Frameworks",
				);
				MARKETING_VERSION = 1.0;
				OTHER_LDFLAGS = "-ObjC";
				PRODUCT_BUNDLE_IDENTIFIER = "com.kemalenver.firedanger-sui";
				PRODUCT_NAME = "Fire Danger";
				SDKROOT = iphoneos;
				SWIFT_EMIT_LOC_STRINGS = YES;
				SWIFT_VERSION = 5.0;
				TARGETED_DEVICE_FAMILY = "1,2";
			};
			name = Debug;
		};
		CF888FF5278019B9003CA93B /* Release */ = {
			isa = XCBuildConfiguration;
			buildSettings = {
				ASSETCATALOG_COMPILER_APPICON_NAME = AppIcon;
				ASSETCATALOG_COMPILER_GLOBAL_ACCENT_COLOR_NAME = AccentColor;
				CODE_SIGN_STYLE = Automatic;
				CURRENT_PROJECT_VERSION = 1;
				DEVELOPMENT_TEAM = PDT9S226TJ;
				ENABLE_PREVIEWS = YES;
				GENERATE_INFOPLIST_FILE = YES;
				INFOPLIST_FILE = "firedanger-sui--iOS--Info.plist";
				INFOPLIST_KEY_NSLocationWhenInUseUsageDescription = "We need your location to show you the fire danger where you are";
				INFOPLIST_KEY_UIApplicationSceneManifest_Generation = YES;
				INFOPLIST_KEY_UIApplicationSupportsIndirectInputEvents = YES;
				INFOPLIST_KEY_UILaunchScreen_Generation = YES;
				INFOPLIST_KEY_UISupportedInterfaceOrientations_iPad = "UIInterfaceOrientationPortrait UIInterfaceOrientationPortraitUpsideDown UIInterfaceOrientationLandscapeLeft UIInterfaceOrientationLandscapeRight";
				INFOPLIST_KEY_UISupportedInterfaceOrientations_iPhone = "UIInterfaceOrientationPortrait UIInterfaceOrientationLandscapeLeft UIInterfaceOrientationLandscapeRight";
				IPHONEOS_DEPLOYMENT_TARGET = 15.6;
				LD_RUNPATH_SEARCH_PATHS = (
					"$(inherited)",
					"@executable_path/Frameworks",
				);
				MARKETING_VERSION = 1.0;
				OTHER_LDFLAGS = "-ObjC";
				PRODUCT_BUNDLE_IDENTIFIER = "com.kemalenver.firedanger-sui";
				PRODUCT_NAME = "Fire Danger";
				SDKROOT = iphoneos;
				SWIFT_EMIT_LOC_STRINGS = YES;
				SWIFT_VERSION = 5.0;
				TARGETED_DEVICE_FAMILY = "1,2";
				VALIDATE_PRODUCT = YES;
			};
			name = Release;
		};
		CF888FFA278019B9003CA93B /* Debug */ = {
			isa = XCBuildConfiguration;
			buildSettings = {
				ALWAYS_EMBED_SWIFT_STANDARD_LIBRARIES = YES;
				CODE_SIGN_STYLE = Automatic;
				CURRENT_PROJECT_VERSION = 1;
				DEVELOPMENT_TEAM = PDT9S226TJ;
				GENERATE_INFOPLIST_FILE = YES;
				IPHONEOS_DEPLOYMENT_TARGET = 15.2;
				MARKETING_VERSION = 1.0;
				PRODUCT_BUNDLE_IDENTIFIER = "com.kemalenver.Tests-iOS";
				PRODUCT_NAME = "$(TARGET_NAME)";
				SDKROOT = iphoneos;
				SWIFT_EMIT_LOC_STRINGS = NO;
				SWIFT_VERSION = 5.0;
				TARGETED_DEVICE_FAMILY = "1,2";
				TEST_TARGET_NAME = "firedanger-sui (iOS)";
			};
			name = Debug;
		};
		CF888FFB278019B9003CA93B /* Release */ = {
			isa = XCBuildConfiguration;
			buildSettings = {
				ALWAYS_EMBED_SWIFT_STANDARD_LIBRARIES = YES;
				CODE_SIGN_STYLE = Automatic;
				CURRENT_PROJECT_VERSION = 1;
				DEVELOPMENT_TEAM = PDT9S226TJ;
				GENERATE_INFOPLIST_FILE = YES;
				IPHONEOS_DEPLOYMENT_TARGET = 15.2;
				MARKETING_VERSION = 1.0;
				PRODUCT_BUNDLE_IDENTIFIER = "com.kemalenver.Tests-iOS";
				PRODUCT_NAME = "$(TARGET_NAME)";
				SDKROOT = iphoneos;
				SWIFT_EMIT_LOC_STRINGS = NO;
				SWIFT_VERSION = 5.0;
				TARGETED_DEVICE_FAMILY = "1,2";
				TEST_TARGET_NAME = "firedanger-sui (iOS)";
				VALIDATE_PRODUCT = YES;
			};
			name = Release;
		};
/* End XCBuildConfiguration section */

/* Begin XCConfigurationList section */
		CF888FC1278019B8003CA93B /* Build configuration list for PBXProject "firedanger-sui" */ = {
			isa = XCConfigurationList;
			buildConfigurations = (
				CF888FF1278019B9003CA93B /* Debug */,
				CF888FF2278019B9003CA93B /* Release */,
			);
			defaultConfigurationIsVisible = 0;
			defaultConfigurationName = Release;
		};
		CF888FF3278019B9003CA93B /* Build configuration list for PBXNativeTarget "firedanger-sui (iOS)" */ = {
			isa = XCConfigurationList;
			buildConfigurations = (
				CF888FF4278019B9003CA93B /* Debug */,
				CF888FF5278019B9003CA93B /* Release */,
			);
			defaultConfigurationIsVisible = 0;
			defaultConfigurationName = Release;
		};
		CF888FF9278019B9003CA93B /* Build configuration list for PBXNativeTarget "Tests iOS" */ = {
			isa = XCConfigurationList;
			buildConfigurations = (
				CF888FFA278019B9003CA93B /* Debug */,
				CF888FFB278019B9003CA93B /* Release */,
			);
			defaultConfigurationIsVisible = 0;
			defaultConfigurationName = Release;
		};
/* End XCConfigurationList section */

/* Begin XCRemoteSwiftPackageReference section */
		CF8B7D0B2A9377850061C2A1 /* XCRemoteSwiftPackageReference "swift-package-manager-google-mobile-ads" */ = {
			isa = XCRemoteSwiftPackageReference;
			repositoryURL = "https://github.com/googleads/swift-package-manager-google-mobile-ads.git";
			requirement = {
				kind = upToNextMajorVersion;
				minimumVersion = 10.9.0;
			};
		};
		CF8B96FE296693E000C27E05 /* XCRemoteSwiftPackageReference "SwiftyXMLKit" */ = {
			isa = XCRemoteSwiftPackageReference;
			repositoryURL = "https://github.com/GottaGetSwifty/SwiftyXMLKit.git";
			requirement = {
				kind = upToNextMajorVersion;
				minimumVersion = 0.6.2;
			};
		};
/* End XCRemoteSwiftPackageReference section */

/* Begin XCSwiftPackageProductDependency section */
		CF8B7D102A93787D0061C2A1 /* GoogleMobileAds */ = {
			isa = XCSwiftPackageProductDependency;
			package = CF8B7D0B2A9377850061C2A1 /* XCRemoteSwiftPackageReference "swift-package-manager-google-mobile-ads" */;
			productName = GoogleMobileAds;
		};
		CF8B96FF296693E000C27E05 /* SwiftyXMLCoding */ = {
			isa = XCSwiftPackageProductDependency;
			package = CF8B96FE296693E000C27E05 /* XCRemoteSwiftPackageReference "SwiftyXMLKit" */;
			productName = SwiftyXMLCoding;
		};
/* End XCSwiftPackageProductDependency section */
	};
	rootObject = CF888FBE278019B8003CA93B /* Project object */;
}
